
Microsoft Visual Studio Solution File, Format Version 12.00
Project("{FAE04EC0-301F-11D3-BF4B-00C04F79EFBC}") = "CodeWars Tasks", "CodeWars Tasks\CodeWars Tasks.csproj", "{1FB6238B-2318-4956-9C38-747E3518C731}"
EndProject
Global
	GlobalSection(SolutionConfigurationPlatforms) = preSolution
		Debug|Any CPU = Debug|Any CPU
		Release|Any CPU = Release|Any CPU
	EndGlobalSection
	GlobalSection(ProjectConfigurationPlatforms) = postSolution
		{1FB6238B-2318-4956-9C38-747E3518C731}.Debug|Any CPU.ActiveCfg = Debug|Any CPU
		{1FB6238B-2318-4956-9C38-747E3518C731}.Debug|Any CPU.Build.0 = Debug|Any CPU
		{1FB6238B-2318-4956-9C38-747E3518C731}.Release|Any CPU.ActiveCfg = Release|Any CPU
		{1FB6238B-2318-4956-9C38-747E3518C731}.Release|Any CPU.Build.0 = Release|Any CPU
	EndGlobalSection
EndGlobal
